
Microsoft Visual Studio Solution File, Format Version 12.00
# Visual Studio Version 17
VisualStudioVersion = 17.3.32929.385
MinimumVisualStudioVersion = 10.0.40219.1
Project("{FAE04EC0-301F-11D3-BF4B-00C04F79EFBC}") = "Project_Week1_Bank_DW_Management", "Project_Week1_Bank_DW_Management\Project_Week1_Bank_DW_Management.csproj", "{E78D55A8-9D16-49DF-B639-E8D4C6D8C9FB}"
EndProject
Global
	GlobalSection(SolutionConfigurationPlatforms) = preSolution
		Debug|Any CPU = Debug|Any CPU
		Release|Any CPU = Release|Any CPU
	EndGlobalSection
	GlobalSection(ProjectConfigurationPlatforms) = postSolution
		{E78D55A8-9D16-49DF-B639-E8D4C6D8C9FB}.Debug|Any CPU.ActiveCfg = Debug|Any CPU
		{E78D55A8-9D16-49DF-B639-E8D4C6D8C9FB}.Debug|Any CPU.Build.0 = Debug|Any CPU
		{E78D55A8-9D16-49DF-B639-E8D4C6D8C9FB}.Release|Any CPU.ActiveCfg = Release|Any CPU
		{E78D55A8-9D16-49DF-B639-E8D4C6D8C9FB}.Release|Any CPU.Build.0 = Release|Any CPU
	EndGlobalSection
	GlobalSection(SolutionProperties) = preSolution
		HideSolutionNode = FALSE
	EndGlobalSection
	GlobalSection(ExtensibilityGlobals) = postSolution
		SolutionGuid = {FFFE42CC-7B54-44B0-8762-06FB73F34851}
	EndGlobalSection
EndGlobal
